# This file is autogenerated, do not edit; changes may be undone by the next 'dep ensure'.


[[projects]]
  branch = "master"
  digest = "1:034db2877215ad52373f090e304f0b0b057a55729335c27b60d62edbddc87042"
  name = "github.com/mattn/go-gtk"
  packages = [
    "gdkpixbuf",
    "gio",
    "glib",
  ]
  pruneopts = "UT"
  revision = "4deadb416788be678fb9cac22ea76dba83c946b0"

[solve-meta]
  analyzer-name = "dep"
  analyzer-version = 1
  input-imports = ["github.com/mattn/go-gtk/gdkpixbuf"]
  solver-name = "gps-cdcl"
  solver-version = 1
