# This file is autogenerated, do not edit; changes may be undone by the next 'dep ensure'.


[[projects]]
  digest = "1:790ea41e483319fef6700fa09614250d2f1051157df39059fac0fda3a8d82ada"
  name = "github.com/zserge/webview"
  packages = ["."]
  pruneopts = "UT"
  revision = "016c6ffd99f3ba915aea2b026d17e0918322f99b"
  version = "0.1.0"

[solve-meta]
  analyzer-name = "dep"
  analyzer-version = 1
  input-imports = ["github.com/zserge/webview"]
  solver-name = "gps-cdcl"
  solver-version = 1
