# This file is autogenerated, do not edit; changes may be undone by the next 'dep ensure'.


[[projects]]
  branch = "master"
  digest = "1:eb960fd3ea2dab0ee0b216c962c54b439006efec889b079a23d6d0b24547bb7a"
  name = "github.com/skratchdot/open-golang"
  packages = ["open"]
  pruneopts = "UT"
  revision = "eef8423979666925a58eb77f9db583e54320d5a4"

[[projects]]
  digest = "1:8831fb6cc883752232e020a56ba40d5538e6409623f94b0d6d4df4e0f7878fdf"
  name = "github.com/zserge/webview"
  packages = ["."]
  pruneopts = "UT"
  revision = "9c1b0a888aa40039d501c1ea9f60b22a076a25ea"
  version = "0.1.1"

[solve-meta]
  analyzer-name = "dep"
  analyzer-version = 1
  input-imports = [
    "github.com/skratchdot/open-golang/open",
    "github.com/zserge/webview",
  ]
  solver-name = "gps-cdcl"
  solver-version = 1
